
Microsoft Visual Studio Solution File, Format Version 12.00
# Visual Studio Version 16
VisualStudioVersion = 16.6.30114.105
MinimumVisualStudioVersion = 10.0.40219.1
Project("{9A19103F-16F7-4668-BE54-9A1E7A4F7556}") = "R5T.T0080", "R5T.T0080\R5T.T0080.csproj", "{BCAA9845-931E-4441-ADED-37A06A72FC4E}"
EndProject
Project("{2150E333-8FDC-42A3-9474-1A3956D46DE8}") = "_Dependencies", "_Dependencies", "{0EB3C7CA-89F2-4246-BD25-4E33E07DF112}"
EndProject
Project("{9A19103F-16F7-4668-BE54-9A1E7A4F7556}") = "R5T.L0015", "..\..\R5T.L0015\source\R5T.L0015\R5T.L0015.csproj", "{61B8B579-1445-41BA-B041-AEFA8D8A9307}"
EndProject
Global
	GlobalSection(SolutionConfigurationPlatforms) = preSolution
		Debug|Any CPU = Debug|Any CPU
		Debug|x64 = Debug|x64
		Debug|x86 = Debug|x86
		Release|Any CPU = Release|Any CPU
		Release|x64 = Release|x64
		Release|x86 = Release|x86
	EndGlobalSection
	GlobalSection(ProjectConfigurationPlatforms) = postSolution
		{BCAA9845-931E-4441-ADED-37A06A72FC4E}.Debug|Any CPU.ActiveCfg = Debug|Any CPU
		{BCAA9845-931E-4441-ADED-37A06A72FC4E}.Debug|Any CPU.Build.0 = Debug|Any CPU
		{BCAA9845-931E-4441-ADED-37A06A72FC4E}.Debug|x64.ActiveCfg = Debug|Any CPU
		{BCAA9845-931E-4441-ADED-37A06A72FC4E}.Debug|x64.Build.0 = Debug|Any CPU
		{BCAA9845-931E-4441-ADED-37A06A72FC4E}.Debug|x86.ActiveCfg = Debug|Any CPU
		{BCAA9845-931E-4441-ADED-37A06A72FC4E}.Debug|x86.Build.0 = Debug|Any CPU
		{BCAA9845-931E-4441-ADED-37A06A72FC4E}.Release|Any CPU.ActiveCfg = Release|Any CPU
		{BCAA9845-931E-4441-ADED-37A06A72FC4E}.Release|Any CPU.Build.0 = Release|Any CPU
		{BCAA9845-931E-4441-ADED-37A06A72FC4E}.Release|x64.ActiveCfg = Release|Any CPU
		{BCAA9845-931E-4441-ADED-37A06A72FC4E}.Release|x64.Build.0 = Release|Any CPU
		{BCAA9845-931E-4441-ADED-37A06A72FC4E}.Release|x86.ActiveCfg = Release|Any CPU
		{BCAA9845-931E-4441-ADED-37A06A72FC4E}.Release|x86.Build.0 = Release|Any CPU
		{61B8B579-1445-41BA-B041-AEFA8D8A9307}.Debug|Any CPU.ActiveCfg = Debug|Any CPU
		{61B8B579-1445-41BA-B041-AEFA8D8A9307}.Debug|Any CPU.Build.0 = Debug|Any CPU
		{61B8B579-1445-41BA-B041-AEFA8D8A9307}.Debug|x64.ActiveCfg = Debug|Any CPU
		{61B8B579-1445-41BA-B041-AEFA8D8A9307}.Debug|x64.Build.0 = Debug|Any CPU
		{61B8B579-1445-41BA-B041-AEFA8D8A9307}.Debug|x86.ActiveCfg = Debug|Any CPU
		{61B8B579-1445-41BA-B041-AEFA8D8A9307}.Debug|x86.Build.0 = Debug|Any CPU
		{61B8B579-1445-41BA-B041-AEFA8D8A9307}.Release|Any CPU.ActiveCfg = Release|Any CPU
		{61B8B579-1445-41BA-B041-AEFA8D8A9307}.Release|Any CPU.Build.0 = Release|Any CPU
		{61B8B579-1445-41BA-B041-AEFA8D8A9307}.Release|x64.ActiveCfg = Release|Any CPU
		{61B8B579-1445-41BA-B041-AEFA8D8A9307}.Release|x64.Build.0 = Release|Any CPU
		{61B8B579-1445-41BA-B041-AEFA8D8A9307}.Release|x86.ActiveCfg = Release|Any CPU
		{61B8B579-1445-41BA-B041-AEFA8D8A9307}.Release|x86.Build.0 = Release|Any CPU
	EndGlobalSection
	GlobalSection(SolutionProperties) = preSolution
		HideSolutionNode = FALSE
	EndGlobalSection
	GlobalSection(NestedProjects) = preSolution
		{61B8B579-1445-41BA-B041-AEFA8D8A9307} = {0EB3C7CA-89F2-4246-BD25-4E33E07DF112}
	EndGlobalSection
	GlobalSection(ExtensibilityGlobals) = postSolution
		SolutionGuid = {D51F1D1B-10B1-4569-B13E-0EBD47C465E5}
	EndGlobalSection
EndGlobal
